
Microsoft Visual Studio Solution File, Format Version 12.00
# Visual Studio Version 16
VisualStudioVersion = 16.0.30320.27
MinimumVisualStudioVersion = 10.0.40219.1
Project("{FAE04EC0-301F-11D3-BF4B-00C04F79EFBC}") = "Opdracht5", "Opdracht5.csproj", "{71DE7272-F468-4376-8726-A08BD854830E}"
EndProject
Global
	GlobalSection(SolutionConfigurationPlatforms) = preSolution
		Debug|Any CPU = Debug|Any CPU
		Release|Any CPU = Release|Any CPU
	EndGlobalSection
	GlobalSection(ProjectConfigurationPlatforms) = postSolution
		{71DE7272-F468-4376-8726-A08BD854830E}.Debug|Any CPU.ActiveCfg = Debug|Any CPU
		{71DE7272-F468-4376-8726-A08BD854830E}.Debug|Any CPU.Build.0 = Debug|Any CPU
		{71DE7272-F468-4376-8726-A08BD854830E}.Release|Any CPU.ActiveCfg = Release|Any CPU
		{71DE7272-F468-4376-8726-A08BD854830E}.Release|Any CPU.Build.0 = Release|Any CPU
	EndGlobalSection
	GlobalSection(SolutionProperties) = preSolution
		HideSolutionNode = FALSE
	EndGlobalSection
	GlobalSection(ExtensibilityGlobals) = postSolution
		SolutionGuid = {5FB042CE-399E-4866-A284-C07456017722}
	EndGlobalSection
EndGlobal
